
Microsoft Visual Studio Solution File, Format Version 12.00
# Visual Studio Version 17
VisualStudioVersion = 17.14.37614.0 d17.14
MinimumVisualStudioVersion = 10.0.40219.1
Project("{FAE04EC0-301F-11D3-BF4B-00C04F79EFBC}") = "HmhLesson07", "HmhLesson07.csproj", "{704F0793-D5AC-41BC-A032-CD0CF8D4C293}"
EndProject
Global
	GlobalSection(SolutionConfigurationPlatforms) = preSolution
		Debug|Any CPU = Debug|Any CPU
		Release|Any CPU = Release|Any CPU
	EndGlobalSection
	GlobalSection(ProjectConfigurationPlatforms) = postSolution
		{704F0793-D5AC-41BC-A032-CD0CF8D4C293}.Debug|Any CPU.ActiveCfg = Debug|Any CPU
		{704F0793-D5AC-41BC-A032-CD0CF8D4C293}.Debug|Any CPU.Build.0 = Debug|Any CPU
		{704F0793-D5AC-41BC-A032-CD0CF8D4C293}.Release|Any CPU.ActiveCfg = Release|Any CPU
		{704F0793-D5AC-41BC-A032-CD0CF8D4C293}.Release|Any CPU.Build.0 = Release|Any CPU
	EndGlobalSection
	GlobalSection(SolutionProperties) = preSolution
		HideSolutionNode = FALSE
	EndGlobalSection
	GlobalSection(ExtensibilityGlobals) = postSolution
		SolutionGuid = {98393005-53AF-4CE8-B947-35572E33C49D}
	EndGlobalSection
EndGlobal
