
Microsoft Visual Studio Solution File, Format Version 12.00
# Visual Studio Version 17
VisualStudioVersion = 17.14.37614.0 d17.14
MinimumVisualStudioVersion = 10.0.40219.1
Project("{FAE04EC0-301F-11D3-BF4B-00C04F79EFBC}") = "HmhBaithuchanh02", "HmhBaithuchanh02.csproj", "{6FE37DD8-E749-4A6E-B491-733F48F374BC}"
EndProject
Global
	GlobalSection(SolutionConfigurationPlatforms) = preSolution
		Debug|Any CPU = Debug|Any CPU
		Release|Any CPU = Release|Any CPU
	EndGlobalSection
	GlobalSection(ProjectConfigurationPlatforms) = postSolution
		{6FE37DD8-E749-4A6E-B491-733F48F374BC}.Debug|Any CPU.ActiveCfg = Debug|Any CPU
		{6FE37DD8-E749-4A6E-B491-733F48F374BC}.Debug|Any CPU.Build.0 = Debug|Any CPU
		{6FE37DD8-E749-4A6E-B491-733F48F374BC}.Release|Any CPU.ActiveCfg = Release|Any CPU
		{6FE37DD8-E749-4A6E-B491-733F48F374BC}.Release|Any CPU.Build.0 = Release|Any CPU
	EndGlobalSection
	GlobalSection(SolutionProperties) = preSolution
		HideSolutionNode = FALSE
	EndGlobalSection
	GlobalSection(ExtensibilityGlobals) = postSolution
		SolutionGuid = {FEED1975-E610-4A3F-9A38-C49F8AAC80A4}
	EndGlobalSection
EndGlobal
