
Microsoft Visual Studio Solution File, Format Version 12.00
# Visual Studio Version 17
VisualStudioVersion = 17.14.37614.0 d17.14
MinimumVisualStudioVersion = 10.0.40219.1
Project("{FAE04EC0-301F-11D3-BF4B-00C04F79EFBC}") = "HmhLesson10EFDb", "HmhLesson10EFDb.csproj", "{911F04BE-B8DA-4601-9B9C-C7B5E618CC6B}"
EndProject
Global
	GlobalSection(SolutionConfigurationPlatforms) = preSolution
		Debug|Any CPU = Debug|Any CPU
		Release|Any CPU = Release|Any CPU
	EndGlobalSection
	GlobalSection(ProjectConfigurationPlatforms) = postSolution
		{911F04BE-B8DA-4601-9B9C-C7B5E618CC6B}.Debug|Any CPU.ActiveCfg = Debug|Any CPU
		{911F04BE-B8DA-4601-9B9C-C7B5E618CC6B}.Debug|Any CPU.Build.0 = Debug|Any CPU
		{911F04BE-B8DA-4601-9B9C-C7B5E618CC6B}.Release|Any CPU.ActiveCfg = Release|Any CPU
		{911F04BE-B8DA-4601-9B9C-C7B5E618CC6B}.Release|Any CPU.Build.0 = Release|Any CPU
	EndGlobalSection
	GlobalSection(SolutionProperties) = preSolution
		HideSolutionNode = FALSE
	EndGlobalSection
	GlobalSection(ExtensibilityGlobals) = postSolution
		SolutionGuid = {1F6F9C46-CEFC-4DA5-946B-7D8527CA1311}
	EndGlobalSection
EndGlobal
