
Microsoft Visual Studio Solution File, Format Version 12.00
# Visual Studio Version 17
VisualStudioVersion = 17.14.37614.0 d17.14
MinimumVisualStudioVersion = 10.0.40219.1
Project("{FAE04EC0-301F-11D3-BF4B-00C04F79EFBC}") = "HmhLesson08Models", "HmhLesson08Models.csproj", "{1DBB878D-16F0-40E3-8FA3-BD1EFF7B2DFD}"
EndProject
Global
	GlobalSection(SolutionConfigurationPlatforms) = preSolution
		Debug|Any CPU = Debug|Any CPU
		Release|Any CPU = Release|Any CPU
	EndGlobalSection
	GlobalSection(ProjectConfigurationPlatforms) = postSolution
		{1DBB878D-16F0-40E3-8FA3-BD1EFF7B2DFD}.Debug|Any CPU.ActiveCfg = Debug|Any CPU
		{1DBB878D-16F0-40E3-8FA3-BD1EFF7B2DFD}.Debug|Any CPU.Build.0 = Debug|Any CPU
		{1DBB878D-16F0-40E3-8FA3-BD1EFF7B2DFD}.Release|Any CPU.ActiveCfg = Release|Any CPU
		{1DBB878D-16F0-40E3-8FA3-BD1EFF7B2DFD}.Release|Any CPU.Build.0 = Release|Any CPU
	EndGlobalSection
	GlobalSection(SolutionProperties) = preSolution
		HideSolutionNode = FALSE
	EndGlobalSection
	GlobalSection(ExtensibilityGlobals) = postSolution
		SolutionGuid = {F1F3D61F-C69A-421A-A421-8451B01DE680}
	EndGlobalSection
EndGlobal
