
Microsoft Visual Studio Solution File, Format Version 12.00
# Visual Studio Version 17
VisualStudioVersion = 17.14.37614.0 d17.14
MinimumVisualStudioVersion = 10.0.40219.1
Project("{FAE04EC0-301F-11D3-BF4B-00C04F79EFBC}") = "HmhLesson09Lab", "HmhLesson09Lab.csproj", "{D08E0E6C-5445-430A-8117-E3DE8B498C53}"
EndProject
Global
	GlobalSection(SolutionConfigurationPlatforms) = preSolution
		Debug|Any CPU = Debug|Any CPU
		Release|Any CPU = Release|Any CPU
	EndGlobalSection
	GlobalSection(ProjectConfigurationPlatforms) = postSolution
		{D08E0E6C-5445-430A-8117-E3DE8B498C53}.Debug|Any CPU.ActiveCfg = Debug|Any CPU
		{D08E0E6C-5445-430A-8117-E3DE8B498C53}.Debug|Any CPU.Build.0 = Debug|Any CPU
		{D08E0E6C-5445-430A-8117-E3DE8B498C53}.Release|Any CPU.ActiveCfg = Release|Any CPU
		{D08E0E6C-5445-430A-8117-E3DE8B498C53}.Release|Any CPU.Build.0 = Release|Any CPU
	EndGlobalSection
	GlobalSection(SolutionProperties) = preSolution
		HideSolutionNode = FALSE
	EndGlobalSection
	GlobalSection(ExtensibilityGlobals) = postSolution
		SolutionGuid = {C0A77EA4-BC85-45B8-8983-229008B0D9D3}
	EndGlobalSection
EndGlobal
