
Microsoft Visual Studio Solution File, Format Version 12.00
# Visual Studio Version 17
VisualStudioVersion = 17.14.37614.0 d17.14
MinimumVisualStudioVersion = 10.0.40219.1
Project("{FAE04EC0-301F-11D3-BF4B-00C04F79EFBC}") = "HmhLesson09Annotation", "HmhLesson09Annotation.csproj", "{BCBFC050-D8C5-4017-AAD1-17D3CE758109}"
EndProject
Global
	GlobalSection(SolutionConfigurationPlatforms) = preSolution
		Debug|Any CPU = Debug|Any CPU
		Release|Any CPU = Release|Any CPU
	EndGlobalSection
	GlobalSection(ProjectConfigurationPlatforms) = postSolution
		{BCBFC050-D8C5-4017-AAD1-17D3CE758109}.Debug|Any CPU.ActiveCfg = Debug|Any CPU
		{BCBFC050-D8C5-4017-AAD1-17D3CE758109}.Debug|Any CPU.Build.0 = Debug|Any CPU
		{BCBFC050-D8C5-4017-AAD1-17D3CE758109}.Release|Any CPU.ActiveCfg = Release|Any CPU
		{BCBFC050-D8C5-4017-AAD1-17D3CE758109}.Release|Any CPU.Build.0 = Release|Any CPU
	EndGlobalSection
	GlobalSection(SolutionProperties) = preSolution
		HideSolutionNode = FALSE
	EndGlobalSection
	GlobalSection(ExtensibilityGlobals) = postSolution
		SolutionGuid = {AC83C99D-35A3-4486-B910-B24AAD46AD6B}
	EndGlobalSection
EndGlobal
