
Microsoft Visual Studio Solution File, Format Version 12.00
# Visual Studio Version 17
VisualStudioVersion = 17.14.37614.0 d17.14
MinimumVisualStudioVersion = 10.0.40219.1
Project("{FAE04EC0-301F-11D3-BF4B-00C04F79EFBC}") = "HmhLesson13Layout", "HmhLesson13Layout.csproj", "{D3541A7E-5419-4E7B-B914-22FF296DCE55}"
EndProject
Global
	GlobalSection(SolutionConfigurationPlatforms) = preSolution
		Debug|Any CPU = Debug|Any CPU
		Release|Any CPU = Release|Any CPU
	EndGlobalSection
	GlobalSection(ProjectConfigurationPlatforms) = postSolution
		{D3541A7E-5419-4E7B-B914-22FF296DCE55}.Debug|Any CPU.ActiveCfg = Debug|Any CPU
		{D3541A7E-5419-4E7B-B914-22FF296DCE55}.Debug|Any CPU.Build.0 = Debug|Any CPU
		{D3541A7E-5419-4E7B-B914-22FF296DCE55}.Release|Any CPU.ActiveCfg = Release|Any CPU
		{D3541A7E-5419-4E7B-B914-22FF296DCE55}.Release|Any CPU.Build.0 = Release|Any CPU
	EndGlobalSection
	GlobalSection(SolutionProperties) = preSolution
		HideSolutionNode = FALSE
	EndGlobalSection
	GlobalSection(ExtensibilityGlobals) = postSolution
		SolutionGuid = {35A36DA6-1DD7-4772-81BA-BB3CEEBB4760}
	EndGlobalSection
EndGlobal
